// !$*UTF8*$!
{
	archiveVersion = 1;
	classes = {
	};
	objectVersion = 46;
	objects = {

/* Begin PBXBuildFile section */
		D7E199AC1AFCA82400A2C98B /* AppDelegate.swift in Sources */ = {isa = PBXBuildFile; fileRef = D7E199AB1AFCA82400A2C98B /* AppDelegate.swift */; };
		D7E199AE1AFCA82400A2C98B /* ViewController.swift in Sources */ = {isa = PBXBuildFile; fileRef = D7E199AD1AFCA82400A2C98B /* ViewController.swift */; };
		D7E199B11AFCA82400A2C98B /* Main.storyboard in Resources */ = {isa = PBXBuildFile; fileRef = D7E199AF1AFCA82400A2C98B /* Main.storyboard */; };
		D7E199B31AFCA82400A2C98B /* Images.xcassets in Resources */ = {isa = PBXBuildFile; fileRef = D7E199B21AFCA82400A2C98B /* Images.xcassets */; };
		D7E199B61AFCA82400A2C98B /* LaunchScreen.xib in Resources */ = {isa = PBXBuildFile; fileRef = D7E199B41AFCA82400A2C98B /* LaunchScreen.xib */; };
		D7E199C21AFCA82400A2C98B /* HelloWorldTests.swift in Sources */ = {isa = PBXBuildFile; fileRef = D7E199C11AFCA82400A2C98B /* HelloWorldTests.swift */; };
/* End PBXBuildFile section */

/* Begin PBXContainerItemProxy section */
		D7E199BC1AFCA82400A2C98B /* PBXContainerItemProxy */ = {
			isa = PBXContainerItemProxy;
			containerPortal = D7E1999E1AFCA82400A2C98B /* Project object */;
			proxyType = 1;
			remoteGlobalIDString = D7E199A51AFCA82400A2C98B;
			remoteInfo = HelloWorld;
		};
/* End PBXContainerItemProxy section */

/* Begin PBXFileReference section */
		D7E199A61AFCA82400A2C98B /* HelloWorld.app */ = {isa = PBXFileReference; explicitFileType = wrapper.application; includeInIndex = 0; path = HelloWorld.app; sourceTree = BUILT_PRODUCTS_DIR; };
		D7E199AA1AFCA82400A2C98B /* Info.plist */ = {isa = PBXFileReference; lastKnownFileType = text.plist.xml; path = Info.plist; sourceTree = "<group>"; };
		D7E199AB1AFCA82400A2C98B /* AppDelegate.swift */ = {isa = PBXFileReference; lastKnownFileType = sourcecode.swift; path = AppDelegate.swift; sourceTree = "<group>"; };
		D7E199AD1AFCA82400A2C98B /* ViewController.swift */ = {isa = PBXFileReference; lastKnownFileType = sourcecode.swift; path = ViewController.swift; sourceTree = "<group>"; };
		D7E199B01AFCA82400A2C98B /* Base */ = {isa = PBXFileReference; lastKnownFileType = file.storyboard; name = Base; path = Base.lproj/Main.storyboard; sourceTree = "<group>"; };
		D7E199B21AFCA82400A2C98B /* Images.xcassets */ = {isa = PBXFileReference; lastKnownFileType = folder.assetcatalog; path = Images.xcassets; sourceTree = "<group>"; };
		D7E199B51AFCA82400A2C98B /* Base */ = {isa = PBXFileReference; lastKnownFileType = file.xib; name = Base; path = Base.lproj/LaunchScreen.xib; sourceTree = "<group>"; };
		D7E199BB1AFCA82400A2C98B /* HelloWorldTests.xctest */ = {isa = PBXFileReference; explicitFileType = wrapper.cfbundle; includeInIndex = 0; path = HelloWorldTests.xctest; sourceTree = BUILT_PRODUCTS_DIR; };
		D7E199C01AFCA82400A2C98B /* Info.plist */ = {isa = PBXFileReference; lastKnownFileType = text.plist.xml; path = Info.plist; sourceTree = "<group>"; };
		D7E199C11AFCA82400A2C98B /* HelloWorldTests.swift */ = {isa = PBXFileReference; lastKnownFileType = sourcecode.swift; path = HelloWorldTests.swift; sourceTree = "<group>"; };
/* End PBXFileReference section */

/* Begin PBXFrameworksBuildPhase section */
		D7E199A31AFCA82400A2C98B /* Frameworks */ = {
			isa = PBXFrameworksBuildPhase;
			buildActionMask = 2147483647;
			files = (
			);
			runOnlyForDeploymentPostprocessing = 0;
		};
		D7E199B81AFCA82400A2C98B /* Frameworks */ = {
			isa = PBXFrameworksBuildPhase;
			buildActionMask = 2147483647;
			files = (
			);
			runOnlyForDeploymentPostprocessing = 0;
		};
/* End PBXFrameworksBuildPhase section */

/* Begin PBXGroup section */
		D7E1999D1AFCA82400A2C98B = {
			isa = PBXGroup;
			children = (
				D7E199A81AFCA82400A2C98B /* HelloWorld */,
				D7E199BE1AFCA82400A2C98B /* HelloWorldTests */,
				D7E199A71AFCA82400A2C98B /* Products */,
			);
			sourceTree = "<group>";
		};
		D7E199A71AFCA82400A2C98B /* Products */ = {
			isa = PBXGroup;
			children = (
				D7E199A61AFCA82400A2C98B /* HelloWorld.app */,
				D7E199BB1AFCA82400A2C98B /* HelloWorldTests.xctest */,
			);
			name = Products;
			sourceTree = "<group>";
		};
		D7E199A81AFCA82400A2C98B /* HelloWorld */ = {
			isa = PBXGroup;
			children = (
				D7E199AB1AFCA82400A2C98B /* AppDelegate.swift */,
				D7E199AD1AFCA82400A2C98B /* ViewController.swift */,
				D7E199AF1AFCA82400A2C98B /* Main.storyboard */,
				D7E199B21AFCA82400A2C98B /* Images.xcassets */,
				D7E199B41AFCA82400A2C98B /* LaunchScreen.xib */,
				D7E199A91AFCA82400A2C98B /* Supporting Files */,
			);
			path = HelloWorld;
			sourceTree = "<group>";
		};
		D7E199A91AFCA82400A2C98B /* Supporting Files */ = {
			isa = PBXGroup;
			children = (
				D7E199AA1AFCA82400A2C98B /* Info.plist */,
			);
			name = "Supporting Files";
			sourceTree = "<group>";
		};
		D7E199BE1AFCA82400A2C98B /* HelloWorldTests */ = {
			isa = PBXGroup;
			children = (
				D7E199C11AFCA82400A2C98B /* HelloWorldTests.swift */,
				D7E199BF1AFCA82400A2C98B /* Supporting Files */,
			);
			path = HelloWorldTests;
			sourceTree = "<group>";
		};
		D7E199BF1AFCA82400A2C98B /* Supporting Files */ = {
			isa = PBXGroup;
			children = (
				D7E199C01AFCA82400A2C98B /* Info.plist */,
			);
			name = "Supporting Files";
			sourceTree = "<group>";
		};
/* End PBXGroup section */

/* Begin PBXNativeTarget section */
		D7E199A51AFCA82400A2C98B /* HelloWorld */ = {
			isa = PBXNativeTarget;
			buildConfigurationList = D7E199C51AFCA82400A2C98B /* Build configuration list for PBXNativeTarget "HelloWorld" */;
			buildPhases = (
				D7E199A21AFCA82400A2C98B /* Sources */,
				D7E199A31AFCA82400A2C98B /* Frameworks */,
				D7E199A41AFCA82400A2C98B /* Resources */,
			);
			buildRules = (
			);
			dependencies = (
			);
			name = HelloWorld;
			productName = HelloWorld;
			productReference = D7E199A61AFCA82400A2C98B /* HelloWorld.app */;
			productType = "com.apple.product-type.application";
		};
		D7E199BA1AFCA82400A2C98B /* HelloWorldTests */ = {
			isa = PBXNativeTarget;
			buildConfigurationList = D7E199C81AFCA82400A2C98B /* Build configuration list for PBXNativeTarget "HelloWorldTests" */;
			buildPhases = (
				D7E199B71AFCA82400A2C98B /* Sources */,
				D7E199B81AFCA82400A2C98B /* Frameworks */,
				D7E199B91AFCA82400A2C98B /* Resources */,
			);
			buildRules = (
			);
			dependencies = (
				D7E199BD1AFCA82400A2C98B /* PBXTargetDependency */,
			);
			name = HelloWorldTests;
			productName = HelloWorldTests;
			productReference = D7E199BB1AFCA82400A2C98B /* HelloWorldTests.xctest */;
			productType = "com.apple.product-type.bundle.unit-test";
		};
/* End PBXNativeTarget section */

/* Begin PBXProject section */
		D7E1999E1AFCA82400A2C98B /* Project object */ = {
			isa = PBXProject;
			attributes = {
				LastUpgradeCheck = 0630;
				ORGANIZATIONNAME = "kensuke tanaka";
				TargetAttributes = {
					D7E199A51AFCA82400A2C98B = {
						CreatedOnToolsVersion = 6.3.1;
					};
					D7E199BA1AFCA82400A2C98B = {
						CreatedOnToolsVersion = 6.3.1;
						TestTargetID = D7E199A51AFCA82400A2C98B;
					};
				};
			};
			buildConfigurationList = D7E199A11AFCA82400A2C98B /* Build configuration list for PBXProject "HelloWorld" */;
			compatibilityVersion = "Xcode 3.2";
			developmentRegion = English;
			hasScannedForEncodings = 0;
			knownRegions = (
				en,
				Base,
			);
			mainGroup = D7E1999D1AFCA82400A2C98B;
			productRefGroup = D7E199A71AFCA82400A2C98B /* Products */;
			projectDirPath = "";
			projectRoot = "";
			targets = (
				D7E199A51AFCA82400A2C98B /* HelloWorld */,
				D7E199BA1AFCA82400A2C98B /* HelloWorldTests */,
			);
		};
/* End PBXProject section */

/* Begin PBXResourcesBuildPhase section */
		D7E199A41AFCA82400A2C98B /* Resources */ = {
			isa = PBXResourcesBuildPhase;
			buildActionMask = 2147483647;
			files = (
				D7E199B11AFCA82400A2C98B /* Main.storyboard in Resources */,
				D7E199B61AFCA82400A2C98B /* LaunchScreen.xib in Resources */,
				D7E199B31AFCA82400A2C98B /* Images.xcassets in Resources */,
			);
			runOnlyForDeploymentPostprocessing = 0;
		};
		D7E199B91AFCA82400A2C98B /* Resources */ = {
			isa = PBXResourcesBuildPhase;
			buildActionMask = 2147483647;
			files = (
			);
			runOnlyForDeploymentPostprocessing = 0;
		};
/* End PBXResourcesBuildPhase section */

/* Begin PBXSourcesBuildPhase section */
		D7E199A21AFCA82400A2C98B /* Sources */ = {
			isa = PBXSourcesBuildPhase;
			buildActionMask = 2147483647;
			files = (
				D7E199AE1AFCA82400A2C98B /* ViewController.swift in Sources */,
				D7E199AC1AFCA82400A2C98B /* AppDelegate.swift in Sources */,
			);
			runOnlyForDeploymentPostprocessing = 0;
		};
		D7E199B71AFCA82400A2C98B /* Sources */ = {
			isa = PBXSourcesBuildPhase;
			buildActionMask = 2147483647;
			files = (
				D7E199C21AFCA82400A2C98B /* HelloWorldTests.swift in Sources */,
			);
			runOnlyForDeploymentPostprocessing = 0;
		};
/* End PBXSourcesBuildPhase section */

/* Begin PBXTargetDependency section */
		D7E199BD1AFCA82400A2C98B /* PBXTargetDependency */ = {
			isa = PBXTargetDependency;
			target = D7E199A51AFCA82400A2C98B /* HelloWorld */;
			targetProxy = D7E199BC1AFCA82400A2C98B /* PBXContainerItemProxy */;
		};
/* End PBXTargetDependency section */

/* Begin PBXVariantGroup section */
		D7E199AF1AFCA82400A2C98B /* Main.storyboard */ = {
			isa = PBXVariantGroup;
			children = (
				D7E199B01AFCA82400A2C98B /* Base */,
			);
			name = Main.storyboard;
			sourceTree = "<group>";
		};
		D7E199B41AFCA82400A2C98B /* LaunchScreen.xib */ = {
			isa = PBXVariantGroup;
			children = (
				D7E199B51AFCA82400A2C98B /* Base */,
			);
			name = LaunchScreen.xib;
			sourceTree = "<group>";
		};
/* End PBXVariantGroup section */

/* Begin XCBuildConfiguration section */
		D7E199C31AFCA82400A2C98B /* Debug */ = {
			isa = XCBuildConfiguration;
			buildSettings = {
				ALWAYS_SEARCH_USER_PATHS = NO;
				CLANG_CXX_LANGUAGE_STANDARD = "gnu++0x";
				CLANG_CXX_LIBRARY = "libc++";
				CLANG_ENABLE_MODULES = YES;
				CLANG_ENABLE_OBJC_ARC = YES;
				CLANG_WARN_BOOL_CONVERSION = YES;
				CLANG_WARN_CONSTANT_CONVERSION = YES;
				CLANG_WARN_DIRECT_OBJC_ISA_USAGE = YES_ERROR;
				CLANG_WARN_EMPTY_BODY = YES;
				CLANG_WARN_ENUM_CONVERSION = YES;
				CLANG_WARN_INT_CONVERSION = YES;
				CLANG_WARN_OBJC_ROOT_CLASS = YES_ERROR;
				CLANG_WARN_UNREACHABLE_CODE = YES;
				CLANG_WARN__DUPLICATE_METHOD_MATCH = YES;
				"CODE_SIGN_IDENTITY[sdk=iphoneos*]" = "iPhone Developer";
				COPY_PHASE_STRIP = NO;
				DEBUG_INFORMATION_FORMAT = "dwarf-with-dsym";
				ENABLE_STRICT_OBJC_MSGSEND = YES;
				GCC_C_LANGUAGE_STANDARD = gnu99;
				GCC_DYNAMIC_NO_PIC = NO;
				GCC_NO_COMMON_BLOCKS = YES;
				GCC_OPTIMIZATION_LEVEL = 0;
				GCC_PREPROCESSOR_DEFINITIONS = (
					"DEBUG=1",
					"$(inherited)",
				);
				GCC_SYMBOLS_PRIVATE_EXTERN = NO;
				GCC_WARN_64_TO_32_BIT_CONVERSION = YES;
				GCC_WARN_ABOUT_RETURN_TYPE = YES_ERROR;
				GCC_WARN_UNDECLARED_SELECTOR = YES;
				GCC_WARN_UNINITIALIZED_AUTOS = YES_AGGRESSIVE;
				GCC_WARN_UNUSED_FUNCTION = YES;
				GCC_WARN_UNUSED_VARIABLE = YES;
				IPHONEOS_DEPLOYMENT_TARGET = 8.3;
				MTL_ENABLE_DEBUG_INFO = YES;
				ONLY_ACTIVE_ARCH = YES;
				SDKROOT = iphoneos;
				SWIFT_OPTIMIZATION_LEVEL = "-Onone";
			};
			name = Debug;
		};
		D7E199C41AFCA82400A2C98B /* Release */ = {
			isa = XCBuildConfiguration;
			buildSettings = {
				ALWAYS_SEARCH_USER_PATHS = NO;
				CLANG_CXX_LANGUAGE_STANDARD = "gnu++0x";
				CLANG_CXX_LIBRARY = "libc++";
				CLANG_ENABLE_MODULES = YES;
				CLANG_ENABLE_OBJC_ARC = YES;
				CLANG_WARN_BOOL_CONVERSION = YES;
				CLANG_WARN_CONSTANT_CONVERSION = YES;
				CLANG_WARN_DIRECT_OBJC_ISA_USAGE = YES_ERROR;
				CLANG_WARN_EMPTY_BODY = YES;
				CLANG_WARN_ENUM_CONVERSION = YES;
				CLANG_WARN_INT_CONVERSION = YES;
				CLANG_WARN_OBJC_ROOT_CLASS = YES_ERROR;
				CLANG_WARN_UNREACHABLE_CODE = YES;
				CLANG_WARN__DUPLICATE_METHOD_MATCH = YES;
				"CODE_SIGN_IDENTITY[sdk=iphoneos*]" = "iPhone Developer";
				COPY_PHASE_STRIP = NO;
				DEBUG_INFORMATION_FORMAT = "dwarf-with-dsym";
				ENABLE_NS_ASSERTIONS = NO;
				ENABLE_STRICT_OBJC_MSGSEND = YES;
				GCC_C_LANGUAGE_STANDARD = gnu99;
				GCC_NO_COMMON_BLOCKS = YES;
				GCC_WARN_64_TO_32_BIT_CONVERSION = YES;
				GCC_WARN_ABOUT_RETURN_TYPE = YES_ERROR;
				GCC_WARN_UNDECLARED_SELECTOR = YES;
				GCC_WARN_UNINITIALIZED_AUTOS = YES_AGGRESSIVE;
				GCC_WARN_UNUSED_FUNCTION = YES;
				GCC_WARN_UNUSED_VARIABLE = YES;
				IPHONEOS_DEPLOYMENT_TARGET = 8.3;
				MTL_ENABLE_DEBUG_INFO = NO;
				SDKROOT = iphoneos;
				VALIDATE_PRODUCT = YES;
			};
			name = Release;
		};
		D7E199C61AFCA82400A2C98B /* Debug */ = {
			isa = XCBuildConfiguration;
			buildSettings = {
				ASSETCATALOG_COMPILER_APPICON_NAME = AppIcon;
				INFOPLIST_FILE = HelloWorld/Info.plist;
				LD_RUNPATH_SEARCH_PATHS = "$(inherited) @executable_path/Frameworks";
				PRODUCT_NAME = "$(TARGET_NAME)";
			};
			name = Debug;
		};
		D7E199C71AFCA82400A2C98B /* Release */ = {
			isa = XCBuildConfiguration;
			buildSettings = {
				ASSETCATALOG_COMPILER_APPICON_NAME = AppIcon;
				INFOPLIST_FILE = HelloWorld/Info.plist;
				LD_RUNPATH_SEARCH_PATHS = "$(inherited) @executable_path/Frameworks";
				PRODUCT_NAME = "$(TARGET_NAME)";
			};
			name = Release;
		};
		D7E199C91AFCA82400A2C98B /* Debug */ = {
			isa = XCBuildConfiguration;
			buildSettings = {
				BUNDLE_LOADER = "$(TEST_HOST)";
				FRAMEWORK_SEARCH_PATHS = (
					"$(SDKROOT)/Developer/Library/Frameworks",
					"$(inherited)",
				);
				GCC_PREPROCESSOR_DEFINITIONS = (
					"DEBUG=1",
					"$(inherited)",
				);
				INFOPLIST_FILE = HelloWorldTests/Info.plist;
				LD_RUNPATH_SEARCH_PATHS = "$(inherited) @executable_path/Frameworks @loader_path/Frameworks";
				PRODUCT_NAME = "$(TARGET_NAME)";
				TEST_HOST = "$(BUILT_PRODUCTS_DIR)/HelloWorld.app/HelloWorld";
			};
			name = Debug;
		};
		D7E199CA1AFCA82400A2C98B /* Release */ = {
			isa = XCBuildConfiguration;
			buildSettings = {
				BUNDLE_LOADER = "$(TEST_HOST)";
				FRAMEWORK_SEARCH_PATHS = (
					"$(SDKROOT)/Developer/Library/Frameworks",
					"$(inherited)",
				);
				INFOPLIST_FILE = HelloWorldTests/Info.plist;
				LD_RUNPATH_SEARCH_PATHS = "$(inherited) @executable_path/Frameworks @loader_path/Frameworks";
				PRODUCT_NAME = "$(TARGET_NAME)";
				TEST_HOST = "$(BUILT_PRODUCTS_DIR)/HelloWorld.app/HelloWorld";
			};
			name = Release;
		};
/* End XCBuildConfiguration section */

/* Begin XCConfigurationList section */
		D7E199A11AFCA82400A2C98B /* Build configuration list for PBXProject "HelloWorld" */ = {
			isa = XCConfigurationList;
			buildConfigurations = (
				D7E199C31AFCA82400A2C98B /* Debug */,
				D7E199C41AFCA82400A2C98B /* Release */,
			);
			defaultConfigurationIsVisible = 0;
			defaultConfigurationName = Release;
		};
		D7E199C51AFCA82400A2C98B /* Build configuration list for PBXNativeTarget "HelloWorld" */ = {
			isa = XCConfigurationList;
			buildConfigurations = (
				D7E199C61AFCA82400A2C98B /* Debug */,
				D7E199C71AFCA82400A2C98B /* Release */,
			);
			defaultConfigurationIsVisible = 0;
		};
		D7E199C81AFCA82400A2C98B /* Build configuration list for PBXNativeTarget "HelloWorldTests" */ = {
			isa = XCConfigurationList;
			buildConfigurations = (
				D7E199C91AFCA82400A2C98B /* Debug */,
				D7E199CA1AFCA82400A2C98B /* Release */,
			);
			defaultConfigurationIsVisible = 0;
		};
/* End XCConfigurationList section */
	};
	rootObject = D7E1999E1AFCA82400A2C98B /* Project object */;
}
